
Microsoft Visual Studio Solution File, Format Version 12.00
# Visual Studio 15
VisualStudioVersion = 15.0.28307.489
MinimumVisualStudioVersion = 10.0.40219.1
Project("{8BC9CEB8-8B4A-11D0-8D11-00A0C91BC942}") = "shuzu", "shuzu\shuzu.vcxproj", "{288ED723-6207-4E53-81DC-CA0D842B141C}"
EndProject
Global
	GlobalSection(SolutionConfigurationPlatforms) = preSolution
		Debug|x64 = Debug|x64
		Debug|x86 = Debug|x86
		Release|x64 = Release|x64
		Release|x86 = Release|x86
	EndGlobalSection
	GlobalSection(ProjectConfigurationPlatforms) = postSolution
		{288ED723-6207-4E53-81DC-CA0D842B141C}.Debug|x64.ActiveCfg = Debug|x64
		{288ED723-6207-4E53-81DC-CA0D842B141C}.Debug|x64.Build.0 = Debug|x64
		{288ED723-6207-4E53-81DC-CA0D842B141C}.Debug|x86.ActiveCfg = Debug|Win32
		{288ED723-6207-4E53-81DC-CA0D842B141C}.Debug|x86.Build.0 = Debug|Win32
		{288ED723-6207-4E53-81DC-CA0D842B141C}.Release|x64.ActiveCfg = Release|x64
		{288ED723-6207-4E53-81DC-CA0D842B141C}.Release|x64.Build.0 = Release|x64
		{288ED723-6207-4E53-81DC-CA0D842B141C}.Release|x86.ActiveCfg = Release|Win32
		{288ED723-6207-4E53-81DC-CA0D842B141C}.Release|x86.Build.0 = Release|Win32
	EndGlobalSection
	GlobalSection(SolutionProperties) = preSolution
		HideSolutionNode = FALSE
	EndGlobalSection
	GlobalSection(ExtensibilityGlobals) = postSolution
		SolutionGuid = {B687CEBB-FEF5-4883-BD74-0826CC56C1AF}
	EndGlobalSection
EndGlobal
