
Microsoft Visual Studio Solution File, Format Version 12.00
# Visual Studio 15
VisualStudioVersion = 15.0.28307.489
MinimumVisualStudioVersion = 10.0.40219.1
Project("{8BC9CEB8-8B4A-11D0-8D11-00A0C91BC942}") = "Project1", "Project1\Project1.vcxproj", "{58416925-19D5-4F75-B37C-1B4982DE443E}"
EndProject
Global
	GlobalSection(SolutionConfigurationPlatforms) = preSolution
		Debug|x64 = Debug|x64
		Debug|x86 = Debug|x86
		Release|x64 = Release|x64
		Release|x86 = Release|x86
	EndGlobalSection
	GlobalSection(ProjectConfigurationPlatforms) = postSolution
		{58416925-19D5-4F75-B37C-1B4982DE443E}.Debug|x64.ActiveCfg = Debug|x64
		{58416925-19D5-4F75-B37C-1B4982DE443E}.Debug|x64.Build.0 = Debug|x64
		{58416925-19D5-4F75-B37C-1B4982DE443E}.Debug|x86.ActiveCfg = Debug|Win32
		{58416925-19D5-4F75-B37C-1B4982DE443E}.Debug|x86.Build.0 = Debug|Win32
		{58416925-19D5-4F75-B37C-1B4982DE443E}.Release|x64.ActiveCfg = Release|x64
		{58416925-19D5-4F75-B37C-1B4982DE443E}.Release|x64.Build.0 = Release|x64
		{58416925-19D5-4F75-B37C-1B4982DE443E}.Release|x86.ActiveCfg = Release|Win32
		{58416925-19D5-4F75-B37C-1B4982DE443E}.Release|x86.Build.0 = Release|Win32
	EndGlobalSection
	GlobalSection(SolutionProperties) = preSolution
		HideSolutionNode = FALSE
	EndGlobalSection
	GlobalSection(ExtensibilityGlobals) = postSolution
		SolutionGuid = {F63C2BF5-0E3F-4A89-A0B1-1CA1E8A4D382}
	EndGlobalSection
EndGlobal
