
Microsoft Visual Studio Solution File, Format Version 12.00
# Visual Studio 15
VisualStudioVersion = 15.0.28307.489
MinimumVisualStudioVersion = 10.0.40219.1
Project("{8BC9CEB8-8B4A-11D0-8D11-00A0C91BC942}") = "Bitree", "Bitree\Bitree.vcxproj", "{FE6567B8-131B-4892-8AD2-092606D33345}"
EndProject
Global
	GlobalSection(SolutionConfigurationPlatforms) = preSolution
		Debug|x64 = Debug|x64
		Debug|x86 = Debug|x86
		Release|x64 = Release|x64
		Release|x86 = Release|x86
	EndGlobalSection
	GlobalSection(ProjectConfigurationPlatforms) = postSolution
		{FE6567B8-131B-4892-8AD2-092606D33345}.Debug|x64.ActiveCfg = Debug|x64
		{FE6567B8-131B-4892-8AD2-092606D33345}.Debug|x64.Build.0 = Debug|x64
		{FE6567B8-131B-4892-8AD2-092606D33345}.Debug|x86.ActiveCfg = Debug|Win32
		{FE6567B8-131B-4892-8AD2-092606D33345}.Debug|x86.Build.0 = Debug|Win32
		{FE6567B8-131B-4892-8AD2-092606D33345}.Release|x64.ActiveCfg = Release|x64
		{FE6567B8-131B-4892-8AD2-092606D33345}.Release|x64.Build.0 = Release|x64
		{FE6567B8-131B-4892-8AD2-092606D33345}.Release|x86.ActiveCfg = Release|Win32
		{FE6567B8-131B-4892-8AD2-092606D33345}.Release|x86.Build.0 = Release|Win32
	EndGlobalSection
	GlobalSection(SolutionProperties) = preSolution
		HideSolutionNode = FALSE
	EndGlobalSection
	GlobalSection(ExtensibilityGlobals) = postSolution
		SolutionGuid = {0A02C719-CDB4-40BA-9AC1-F4FBA6C8F038}
	EndGlobalSection
EndGlobal
